
Microsoft Visual Studio Solution File, Format Version 11.00
# Visual Studio 2010
Project("{F184B08F-C81C-45F6-A57F-5ABD9991F28F}") = "NEW", "NEW\NEW.vbproj", "{586CE74E-A1EC-49B2-B792-11D68948F71A}"
EndProject
Global
	GlobalSection(SolutionConfigurationPlatforms) = preSolution
		Debug|x86 = Debug|x86
		Release|x86 = Release|x86
	EndGlobalSection
	GlobalSection(ProjectConfigurationPlatforms) = postSolution
		{586CE74E-A1EC-49B2-B792-11D68948F71A}.Debug|x86.ActiveCfg = Debug|x86
		{586CE74E-A1EC-49B2-B792-11D68948F71A}.Debug|x86.Build.0 = Debug|x86
		{586CE74E-A1EC-49B2-B792-11D68948F71A}.Release|x86.ActiveCfg = Release|x86
		{586CE74E-A1EC-49B2-B792-11D68948F71A}.Release|x86.Build.0 = Release|x86
	EndGlobalSection
	GlobalSection(SolutionProperties) = preSolution
		HideSolutionNode = FALSE
	EndGlobalSection
EndGlobal
