
Microsoft Visual Studio Solution File, Format Version 12.00
# Visual Studio Version 17
VisualStudioVersion = 17.11.35327.3
MinimumVisualStudioVersion = 10.0.40219.1
Project("{F184B08F-C81C-45F6-A57F-5ABD9991F28F}") = "AutoSystem", "AutoSystem\AutoSystem.vbproj", "{E3E3E80A-315A-4263-80AB-97F58A9B9F21}"
EndProject
Global
	GlobalSection(SolutionConfigurationPlatforms) = preSolution
		Debug|Any CPU = Debug|Any CPU
		Release|Any CPU = Release|Any CPU
	EndGlobalSection
	GlobalSection(ProjectConfigurationPlatforms) = postSolution
		{E3E3E80A-315A-4263-80AB-97F58A9B9F21}.Debug|Any CPU.ActiveCfg = Debug|Any CPU
		{E3E3E80A-315A-4263-80AB-97F58A9B9F21}.Debug|Any CPU.Build.0 = Debug|Any CPU
		{E3E3E80A-315A-4263-80AB-97F58A9B9F21}.Release|Any CPU.ActiveCfg = Release|Any CPU
		{E3E3E80A-315A-4263-80AB-97F58A9B9F21}.Release|Any CPU.Build.0 = Release|Any CPU
	EndGlobalSection
	GlobalSection(SolutionProperties) = preSolution
		HideSolutionNode = FALSE
	EndGlobalSection
	GlobalSection(ExtensibilityGlobals) = postSolution
		SolutionGuid = {E2B7FB29-B568-433C-A662-D282E092CF6B}
	EndGlobalSection
EndGlobal
