
Microsoft Visual Studio Solution File, Format Version 11.00
# Visual Studio 2010
Project("{F184B08F-C81C-45F6-A57F-5ABD9991F28F}") = "bank_application", "bank_application\bank_application.vbproj", "{119B0CEC-6495-4CED-8B3E-0FFA15A15848}"
EndProject
Global
	GlobalSection(SolutionConfigurationPlatforms) = preSolution
		Debug|x86 = Debug|x86
		Release|x86 = Release|x86
	EndGlobalSection
	GlobalSection(ProjectConfigurationPlatforms) = postSolution
		{119B0CEC-6495-4CED-8B3E-0FFA15A15848}.Debug|x86.ActiveCfg = Debug|x86
		{119B0CEC-6495-4CED-8B3E-0FFA15A15848}.Debug|x86.Build.0 = Debug|x86
		{119B0CEC-6495-4CED-8B3E-0FFA15A15848}.Release|x86.ActiveCfg = Release|x86
		{119B0CEC-6495-4CED-8B3E-0FFA15A15848}.Release|x86.Build.0 = Release|x86
	EndGlobalSection
	GlobalSection(SolutionProperties) = preSolution
		HideSolutionNode = FALSE
	EndGlobalSection
EndGlobal
